
Microsoft Visual Studio Solution File, Format Version 12.00
# Visual Studio Version 16
VisualStudioVersion = 16.0.29728.190
MinimumVisualStudioVersion = 10.0.40219.1
Project("{FAE04EC0-301F-11D3-BF4B-00C04F79EFBC}") = "LA", "LA.csproj", "{36A0FE7E-45A8-4925-88B3-DE01D47696FB}"
EndProject
Global
	GlobalSection(SolutionConfigurationPlatforms) = preSolution
		Debug|Any CPU = Debug|Any CPU
		Release|Any CPU = Release|Any CPU
	EndGlobalSection
	GlobalSection(ProjectConfigurationPlatforms) = postSolution
		{36A0FE7E-45A8-4925-88B3-DE01D47696FB}.Debug|Any CPU.ActiveCfg = Debug|Any CPU
		{36A0FE7E-45A8-4925-88B3-DE01D47696FB}.Debug|Any CPU.Build.0 = Debug|Any CPU
		{36A0FE7E-45A8-4925-88B3-DE01D47696FB}.Release|Any CPU.ActiveCfg = Release|Any CPU
		{36A0FE7E-45A8-4925-88B3-DE01D47696FB}.Release|Any CPU.Build.0 = Release|Any CPU
	EndGlobalSection
	GlobalSection(SolutionProperties) = preSolution
		HideSolutionNode = FALSE
	EndGlobalSection
	GlobalSection(ExtensibilityGlobals) = postSolution
		SolutionGuid = {A8A65DE6-56F6-4E8A-BD7C-F7E1375811EB}
	EndGlobalSection
EndGlobal
